
Microsoft Visual Studio Solution File, Format Version 10.00
# Visual C++ Express 2008
Project("{8BC9CEB8-8B4A-11D0-8D11-00A0C91BC942}") = "Vst2xTestApp", "Vst2xTestApp\Vst2xTestApp.vcproj", "{C80E88A8-3157-43C4-AC85-9D6246595A25}"
EndProject
Project("{8BC9CEB8-8B4A-11D0-8D11-00A0C91BC942}") = "sambag", "..\..\src\sambag.vcproj", "{6DEBC17F-F561-42BD-BFB2-A10C07A88B78}"
EndProject
Global
	GlobalSection(SolutionConfigurationPlatforms) = preSolution
		Debug VstHost|Win32 = Debug VstHost|Win32
		Debug|Win32 = Debug|Win32
		MinSizeRel|Win32 = MinSizeRel|Win32
		Release|Win32 = Release|Win32
		RelWithDebInfo|Win32 = RelWithDebInfo|Win32
	EndGlobalSection
	GlobalSection(ProjectConfigurationPlatforms) = postSolution
		{C80E88A8-3157-43C4-AC85-9D6246595A25}.Debug VstHost|Win32.ActiveCfg = Debug Cubase|Win32
		{C80E88A8-3157-43C4-AC85-9D6246595A25}.Debug VstHost|Win32.Build.0 = Debug Cubase|Win32
		{C80E88A8-3157-43C4-AC85-9D6246595A25}.Debug|Win32.ActiveCfg = Debug VstHost|Win32
		{C80E88A8-3157-43C4-AC85-9D6246595A25}.Debug|Win32.Build.0 = Debug VstHost|Win32
		{C80E88A8-3157-43C4-AC85-9D6246595A25}.MinSizeRel|Win32.ActiveCfg = Debug VstHost|Win32
		{C80E88A8-3157-43C4-AC85-9D6246595A25}.MinSizeRel|Win32.Build.0 = Debug VstHost|Win32
		{C80E88A8-3157-43C4-AC85-9D6246595A25}.Release|Win32.ActiveCfg = Release|Win32
		{C80E88A8-3157-43C4-AC85-9D6246595A25}.Release|Win32.Build.0 = Release|Win32
		{C80E88A8-3157-43C4-AC85-9D6246595A25}.RelWithDebInfo|Win32.ActiveCfg = Release|Win32
		{C80E88A8-3157-43C4-AC85-9D6246595A25}.RelWithDebInfo|Win32.Build.0 = Release|Win32
		{6DEBC17F-F561-42BD-BFB2-A10C07A88B78}.Debug VstHost|Win32.ActiveCfg = Debug|Win32
		{6DEBC17F-F561-42BD-BFB2-A10C07A88B78}.Debug VstHost|Win32.Build.0 = Debug|Win32
		{6DEBC17F-F561-42BD-BFB2-A10C07A88B78}.Debug|Win32.ActiveCfg = Debug|Win32
		{6DEBC17F-F561-42BD-BFB2-A10C07A88B78}.Debug|Win32.Build.0 = Debug|Win32
		{6DEBC17F-F561-42BD-BFB2-A10C07A88B78}.MinSizeRel|Win32.ActiveCfg = MinSizeRel|Win32
		{6DEBC17F-F561-42BD-BFB2-A10C07A88B78}.MinSizeRel|Win32.Build.0 = MinSizeRel|Win32
		{6DEBC17F-F561-42BD-BFB2-A10C07A88B78}.Release|Win32.ActiveCfg = Release|Win32
		{6DEBC17F-F561-42BD-BFB2-A10C07A88B78}.Release|Win32.Build.0 = Release|Win32
		{6DEBC17F-F561-42BD-BFB2-A10C07A88B78}.RelWithDebInfo|Win32.ActiveCfg = RelWithDebInfo|Win32
		{6DEBC17F-F561-42BD-BFB2-A10C07A88B78}.RelWithDebInfo|Win32.Build.0 = RelWithDebInfo|Win32
	EndGlobalSection
	GlobalSection(SolutionProperties) = preSolution
		HideSolutionNode = FALSE
	EndGlobalSection
EndGlobal
